// !$*UTF8*$!
{
	archiveVersion = 1;
	classes = {
	};
	objectVersion = 46;
	objects = {

/* Begin PBXBuildFile section */
		77E898581A2D4E9A00DE1B4A /* main.m in Sources */ = {isa = PBXBuildFile; fileRef = 77E898571A2D4E9A00DE1B4A /* main.m */; };
		77E8985B1A2D4E9A00DE1B4A /* AppDelegate.m in Sources */ = {isa = PBXBuildFile; fileRef = 77E8985A1A2D4E9A00DE1B4A /* AppDelegate.m */; };
		77E8985E1A2D4E9A00DE1B4A /* Clopic.xcdatamodeld in Sources */ = {isa = PBXBuildFile; fileRef = 77E8985C1A2D4E9A00DE1B4A /* Clopic.xcdatamodeld */; };
		77E898611A2D4E9A00DE1B4A /* ViewController.m in Sources */ = {isa = PBXBuildFile; fileRef = 77E898601A2D4E9A00DE1B4A /* ViewController.m */; };
		77E898641A2D4E9A00DE1B4A /* Main.storyboard in Resources */ = {isa = PBXBuildFile; fileRef = 77E898621A2D4E9A00DE1B4A /* Main.storyboard */; };
		77E898661A2D4E9A00DE1B4A /* Images.xcassets in Resources */ = {isa = PBXBuildFile; fileRef = 77E898651A2D4E9A00DE1B4A /* Images.xcassets */; };
		77E898691A2D4E9A00DE1B4A /* LaunchScreen.xib in Resources */ = {isa = PBXBuildFile; fileRef = 77E898671A2D4E9A00DE1B4A /* LaunchScreen.xib */; };
		77E898751A2D4E9B00DE1B4A /* ClopicTests.m in Sources */ = {isa = PBXBuildFile; fileRef = 77E898741A2D4E9B00DE1B4A /* ClopicTests.m */; };
/* End PBXBuildFile section */

/* Begin PBXContainerItemProxy section */
		77E8986F1A2D4E9B00DE1B4A /* PBXContainerItemProxy */ = {
			isa = PBXContainerItemProxy;
			containerPortal = 77E8984A1A2D4E9A00DE1B4A /* Project object */;
			proxyType = 1;
			remoteGlobalIDString = 77E898511A2D4E9A00DE1B4A;
			remoteInfo = Clopic;
		};
/* End PBXContainerItemProxy section */

/* Begin PBXFileReference section */
		77E898521A2D4E9A00DE1B4A /* Clopic.app */ = {isa = PBXFileReference; explicitFileType = wrapper.application; includeInIndex = 0; path = Clopic.app; sourceTree = BUILT_PRODUCTS_DIR; };
		77E898561A2D4E9A00DE1B4A /* Info.plist */ = {isa = PBXFileReference; lastKnownFileType = text.plist.xml; path = Info.plist; sourceTree = "<group>"; };
		77E898571A2D4E9A00DE1B4A /* main.m */ = {isa = PBXFileReference; lastKnownFileType = sourcecode.c.objc; path = main.m; sourceTree = "<group>"; };
		77E898591A2D4E9A00DE1B4A /* AppDelegate.h */ = {isa = PBXFileReference; lastKnownFileType = sourcecode.c.h; path = AppDelegate.h; sourceTree = "<group>"; };
		77E8985A1A2D4E9A00DE1B4A /* AppDelegate.m */ = {isa = PBXFileReference; lastKnownFileType = sourcecode.c.objc; path = AppDelegate.m; sourceTree = "<group>"; };
		77E8985D1A2D4E9A00DE1B4A /* Clopic.xcdatamodel */ = {isa = PBXFileReference; lastKnownFileType = wrapper.xcdatamodel; path = Clopic.xcdatamodel; sourceTree = "<group>"; };
		77E8985F1A2D4E9A00DE1B4A /* ViewController.h */ = {isa = PBXFileReference; lastKnownFileType = sourcecode.c.h; path = ViewController.h; sourceTree = "<group>"; };
		77E898601A2D4E9A00DE1B4A /* ViewController.m */ = {isa = PBXFileReference; lastKnownFileType = sourcecode.c.objc; path = ViewController.m; sourceTree = "<group>"; };
		77E898631A2D4E9A00DE1B4A /* Base */ = {isa = PBXFileReference; lastKnownFileType = file.storyboard; name = Base; path = Base.lproj/Main.storyboard; sourceTree = "<group>"; };
		77E898651A2D4E9A00DE1B4A /* Images.xcassets */ = {isa = PBXFileReference; lastKnownFileType = folder.assetcatalog; path = Images.xcassets; sourceTree = "<group>"; };
		77E898681A2D4E9A00DE1B4A /* Base */ = {isa = PBXFileReference; lastKnownFileType = file.xib; name = Base; path = Base.lproj/LaunchScreen.xib; sourceTree = "<group>"; };
		77E8986E1A2D4E9B00DE1B4A /* ClopicTests.xctest */ = {isa = PBXFileReference; explicitFileType = wrapper.cfbundle; includeInIndex = 0; path = ClopicTests.xctest; sourceTree = BUILT_PRODUCTS_DIR; };
		77E898731A2D4E9B00DE1B4A /* Info.plist */ = {isa = PBXFileReference; lastKnownFileType = text.plist.xml; path = Info.plist; sourceTree = "<group>"; };
		77E898741A2D4E9B00DE1B4A /* ClopicTests.m */ = {isa = PBXFileReference; lastKnownFileType = sourcecode.c.objc; path = ClopicTests.m; sourceTree = "<group>"; };
/* End PBXFileReference section */

/* Begin PBXFrameworksBuildPhase section */
		77E8984F1A2D4E9A00DE1B4A /* Frameworks */ = {
			isa = PBXFrameworksBuildPhase;
			buildActionMask = 2147483647;
			files = (
			);
			runOnlyForDeploymentPostprocessing = 0;
		};
		77E8986B1A2D4E9B00DE1B4A /* Frameworks */ = {
			isa = PBXFrameworksBuildPhase;
			buildActionMask = 2147483647;
			files = (
			);
			runOnlyForDeploymentPostprocessing = 0;
		};
/* End PBXFrameworksBuildPhase section */

/* Begin PBXGroup section */
		77E898491A2D4E9A00DE1B4A = {
			isa = PBXGroup;
			children = (
				77E898541A2D4E9A00DE1B4A /* Clopic */,
				77E898711A2D4E9B00DE1B4A /* ClopicTests */,
				77E898531A2D4E9A00DE1B4A /* Products */,
			);
			sourceTree = "<group>";
		};
		77E898531A2D4E9A00DE1B4A /* Products */ = {
			isa = PBXGroup;
			children = (
				77E898521A2D4E9A00DE1B4A /* Clopic.app */,
				77E8986E1A2D4E9B00DE1B4A /* ClopicTests.xctest */,
			);
			name = Products;
			sourceTree = "<group>";
		};
		77E898541A2D4E9A00DE1B4A /* Clopic */ = {
			isa = PBXGroup;
			children = (
				77E898591A2D4E9A00DE1B4A /* AppDelegate.h */,
				77E8985A1A2D4E9A00DE1B4A /* AppDelegate.m */,
				77E8985F1A2D4E9A00DE1B4A /* ViewController.h */,
				77E898601A2D4E9A00DE1B4A /* ViewController.m */,
				77E898621A2D4E9A00DE1B4A /* Main.storyboard */,
				77E898651A2D4E9A00DE1B4A /* Images.xcassets */,
				77E898671A2D4E9A00DE1B4A /* LaunchScreen.xib */,
				77E8985C1A2D4E9A00DE1B4A /* Clopic.xcdatamodeld */,
				77E898551A2D4E9A00DE1B4A /* Supporting Files */,
			);
			path = Clopic;
			sourceTree = "<group>";
		};
		77E898551A2D4E9A00DE1B4A /* Supporting Files */ = {
			isa = PBXGroup;
			children = (
				77E898561A2D4E9A00DE1B4A /* Info.plist */,
				77E898571A2D4E9A00DE1B4A /* main.m */,
			);
			name = "Supporting Files";
			sourceTree = "<group>";
		};
		77E898711A2D4E9B00DE1B4A /* ClopicTests */ = {
			isa = PBXGroup;
			children = (
				77E898741A2D4E9B00DE1B4A /* ClopicTests.m */,
				77E898721A2D4E9B00DE1B4A /* Supporting Files */,
			);
			path = ClopicTests;
			sourceTree = "<group>";
		};
		77E898721A2D4E9B00DE1B4A /* Supporting Files */ = {
			isa = PBXGroup;
			children = (
				77E898731A2D4E9B00DE1B4A /* Info.plist */,
			);
			name = "Supporting Files";
			sourceTree = "<group>";
		};
/* End PBXGroup section */

/* Begin PBXNativeTarget section */
		77E898511A2D4E9A00DE1B4A /* Clopic */ = {
			isa = PBXNativeTarget;
			buildConfigurationList = 77E898781A2D4E9B00DE1B4A /* Build configuration list for PBXNativeTarget "Clopic" */;
			buildPhases = (
				77E8984E1A2D4E9A00DE1B4A /* Sources */,
				77E8984F1A2D4E9A00DE1B4A /* Frameworks */,
				77E898501A2D4E9A00DE1B4A /* Resources */,
			);
			buildRules = (
			);
			dependencies = (
			);
			name = Clopic;
			productName = Clopic;
			productReference = 77E898521A2D4E9A00DE1B4A /* Clopic.app */;
			productType = "com.apple.product-type.application";
		};
		77E8986D1A2D4E9B00DE1B4A /* ClopicTests */ = {
			isa = PBXNativeTarget;
			buildConfigurationList = 77E8987B1A2D4E9B00DE1B4A /* Build configuration list for PBXNativeTarget "ClopicTests" */;
			buildPhases = (
				77E8986A1A2D4E9B00DE1B4A /* Sources */,
				77E8986B1A2D4E9B00DE1B4A /* Frameworks */,
				77E8986C1A2D4E9B00DE1B4A /* Resources */,
			);
			buildRules = (
			);
			dependencies = (
				77E898701A2D4E9B00DE1B4A /* PBXTargetDependency */,
			);
			name = ClopicTests;
			productName = ClopicTests;
			productReference = 77E8986E1A2D4E9B00DE1B4A /* ClopicTests.xctest */;
			productType = "com.apple.product-type.bundle.unit-test";
		};
/* End PBXNativeTarget section */

/* Begin PBXProject section */
		77E8984A1A2D4E9A00DE1B4A /* Project object */ = {
			isa = PBXProject;
			attributes = {
				LastUpgradeCheck = 0610;
				ORGANIZATIONNAME = "Louis Nhat";
				TargetAttributes = {
					77E898511A2D4E9A00DE1B4A = {
						CreatedOnToolsVersion = 6.1;
					};
					77E8986D1A2D4E9B00DE1B4A = {
						CreatedOnToolsVersion = 6.1;
						TestTargetID = 77E898511A2D4E9A00DE1B4A;
					};
				};
			};
			buildConfigurationList = 77E8984D1A2D4E9A00DE1B4A /* Build configuration list for PBXProject "Clopic" */;
			compatibilityVersion = "Xcode 3.2";
			developmentRegion = English;
			hasScannedForEncodings = 0;
			knownRegions = (
				en,
				Base,
			);
			mainGroup = 77E898491A2D4E9A00DE1B4A;
			productRefGroup = 77E898531A2D4E9A00DE1B4A /* Products */;
			projectDirPath = "";
			projectRoot = "";
			targets = (
				77E898511A2D4E9A00DE1B4A /* Clopic */,
				77E8986D1A2D4E9B00DE1B4A /* ClopicTests */,
			);
		};
/* End PBXProject section */

/* Begin PBXResourcesBuildPhase section */
		77E898501A2D4E9A00DE1B4A /* Resources */ = {
			isa = PBXResourcesBuildPhase;
			buildActionMask = 2147483647;
			files = (
				77E898641A2D4E9A00DE1B4A /* Main.storyboard in Resources */,
				77E898691A2D4E9A00DE1B4A /* LaunchScreen.xib in Resources */,
				77E898661A2D4E9A00DE1B4A /* Images.xcassets in Resources */,
			);
			runOnlyForDeploymentPostprocessing = 0;
		};
		77E8986C1A2D4E9B00DE1B4A /* Resources */ = {
			isa = PBXResourcesBuildPhase;
			buildActionMask = 2147483647;
			files = (
			);
			runOnlyForDeploymentPostprocessing = 0;
		};
/* End PBXResourcesBuildPhase section */

/* Begin PBXSourcesBuildPhase section */
		77E8984E1A2D4E9A00DE1B4A /* Sources */ = {
			isa = PBXSourcesBuildPhase;
			buildActionMask = 2147483647;
			files = (
				77E8985B1A2D4E9A00DE1B4A /* AppDelegate.m in Sources */,
				77E8985E1A2D4E9A00DE1B4A /* Clopic.xcdatamodeld in Sources */,
				77E898611A2D4E9A00DE1B4A /* ViewController.m in Sources */,
				77E898581A2D4E9A00DE1B4A /* main.m in Sources */,
			);
			runOnlyForDeploymentPostprocessing = 0;
		};
		77E8986A1A2D4E9B00DE1B4A /* Sources */ = {
			isa = PBXSourcesBuildPhase;
			buildActionMask = 2147483647;
			files = (
				77E898751A2D4E9B00DE1B4A /* ClopicTests.m in Sources */,
			);
			runOnlyForDeploymentPostprocessing = 0;
		};
/* End PBXSourcesBuildPhase section */

/* Begin PBXTargetDependency section */
		77E898701A2D4E9B00DE1B4A /* PBXTargetDependency */ = {
			isa = PBXTargetDependency;
			target = 77E898511A2D4E9A00DE1B4A /* Clopic */;
			targetProxy = 77E8986F1A2D4E9B00DE1B4A /* PBXContainerItemProxy */;
		};
/* End PBXTargetDependency section */

/* Begin PBXVariantGroup section */
		77E898621A2D4E9A00DE1B4A /* Main.storyboard */ = {
			isa = PBXVariantGroup;
			children = (
				77E898631A2D4E9A00DE1B4A /* Base */,
			);
			name = Main.storyboard;
			sourceTree = "<group>";
		};
		77E898671A2D4E9A00DE1B4A /* LaunchScreen.xib */ = {
			isa = PBXVariantGroup;
			children = (
				77E898681A2D4E9A00DE1B4A /* Base */,
			);
			name = LaunchScreen.xib;
			sourceTree = "<group>";
		};
/* End PBXVariantGroup section */

/* Begin XCBuildConfiguration section */
		77E898761A2D4E9B00DE1B4A /* Debug */ = {
			isa = XCBuildConfiguration;
			buildSettings = {
				ALWAYS_SEARCH_USER_PATHS = NO;
				CLANG_CXX_LANGUAGE_STANDARD = "gnu++0x";
				CLANG_CXX_LIBRARY = "libc++";
				CLANG_ENABLE_MODULES = YES;
				CLANG_ENABLE_OBJC_ARC = YES;
				CLANG_WARN_BOOL_CONVERSION = YES;
				CLANG_WARN_CONSTANT_CONVERSION = YES;
				CLANG_WARN_DIRECT_OBJC_ISA_USAGE = YES_ERROR;
				CLANG_WARN_EMPTY_BODY = YES;
				CLANG_WARN_ENUM_CONVERSION = YES;
				CLANG_WARN_INT_CONVERSION = YES;
				CLANG_WARN_OBJC_ROOT_CLASS = YES_ERROR;
				CLANG_WARN_UNREACHABLE_CODE = YES;
				CLANG_WARN__DUPLICATE_METHOD_MATCH = YES;
				"CODE_SIGN_IDENTITY[sdk=iphoneos*]" = "iPhone Developer";
				COPY_PHASE_STRIP = NO;
				ENABLE_STRICT_OBJC_MSGSEND = YES;
				GCC_C_LANGUAGE_STANDARD = gnu99;
				GCC_DYNAMIC_NO_PIC = NO;
				GCC_OPTIMIZATION_LEVEL = 0;
				GCC_PREPROCESSOR_DEFINITIONS = (
					"DEBUG=1",
					"$(inherited)",
				);
				GCC_SYMBOLS_PRIVATE_EXTERN = NO;
				GCC_WARN_64_TO_32_BIT_CONVERSION = YES;
				GCC_WARN_ABOUT_RETURN_TYPE = YES_ERROR;
				GCC_WARN_UNDECLARED_SELECTOR = YES;
				GCC_WARN_UNINITIALIZED_AUTOS = YES_AGGRESSIVE;
				GCC_WARN_UNUSED_FUNCTION = YES;
				GCC_WARN_UNUSED_VARIABLE = YES;
				IPHONEOS_DEPLOYMENT_TARGET = 8.1;
				MTL_ENABLE_DEBUG_INFO = YES;
				ONLY_ACTIVE_ARCH = YES;
				SDKROOT = iphoneos;
				TARGETED_DEVICE_FAMILY = "1,2";
			};
			name = Debug;
		};
		77E898771A2D4E9B00DE1B4A /* Release */ = {
			isa = XCBuildConfiguration;
			buildSettings = {
				ALWAYS_SEARCH_USER_PATHS = NO;
				CLANG_CXX_LANGUAGE_STANDARD = "gnu++0x";
				CLANG_CXX_LIBRARY = "libc++";
				CLANG_ENABLE_MODULES = YES;
				CLANG_ENABLE_OBJC_ARC = YES;
				CLANG_WARN_BOOL_CONVERSION = YES;
				CLANG_WARN_CONSTANT_CONVERSION = YES;
				CLANG_WARN_DIRECT_OBJC_ISA_USAGE = YES_ERROR;
				CLANG_WARN_EMPTY_BODY = YES;
				CLANG_WARN_ENUM_CONVERSION = YES;
				CLANG_WARN_INT_CONVERSION = YES;
				CLANG_WARN_OBJC_ROOT_CLASS = YES_ERROR;
				CLANG_WARN_UNREACHABLE_CODE = YES;
				CLANG_WARN__DUPLICATE_METHOD_MATCH = YES;
				"CODE_SIGN_IDENTITY[sdk=iphoneos*]" = "iPhone Developer";
				COPY_PHASE_STRIP = YES;
				ENABLE_NS_ASSERTIONS = NO;
				ENABLE_STRICT_OBJC_MSGSEND = YES;
				GCC_C_LANGUAGE_STANDARD = gnu99;
				GCC_WARN_64_TO_32_BIT_CONVERSION = YES;
				GCC_WARN_ABOUT_RETURN_TYPE = YES_ERROR;
				GCC_WARN_UNDECLARED_SELECTOR = YES;
				GCC_WARN_UNINITIALIZED_AUTOS = YES_AGGRESSIVE;
				GCC_WARN_UNUSED_FUNCTION = YES;
				GCC_WARN_UNUSED_VARIABLE = YES;
				IPHONEOS_DEPLOYMENT_TARGET = 8.1;
				MTL_ENABLE_DEBUG_INFO = NO;
				SDKROOT = iphoneos;
				TARGETED_DEVICE_FAMILY = "1,2";
				VALIDATE_PRODUCT = YES;
			};
			name = Release;
		};
		77E898791A2D4E9B00DE1B4A /* Debug */ = {
			isa = XCBuildConfiguration;
			buildSettings = {
				ASSETCATALOG_COMPILER_APPICON_NAME = AppIcon;
				INFOPLIST_FILE = Clopic/Info.plist;
				LD_RUNPATH_SEARCH_PATHS = "$(inherited) @executable_path/Frameworks";
				PRODUCT_NAME = "$(TARGET_NAME)";
			};
			name = Debug;
		};
		77E8987A1A2D4E9B00DE1B4A /* Release */ = {
			isa = XCBuildConfiguration;
			buildSettings = {
				ASSETCATALOG_COMPILER_APPICON_NAME = AppIcon;
				INFOPLIST_FILE = Clopic/Info.plist;
				LD_RUNPATH_SEARCH_PATHS = "$(inherited) @executable_path/Frameworks";
				PRODUCT_NAME = "$(TARGET_NAME)";
			};
			name = Release;
		};
		77E8987C1A2D4E9B00DE1B4A /* Debug */ = {
			isa = XCBuildConfiguration;
			buildSettings = {
				BUNDLE_LOADER = "$(TEST_HOST)";
				FRAMEWORK_SEARCH_PATHS = (
					"$(SDKROOT)/Developer/Library/Frameworks",
					"$(inherited)",
				);
				GCC_PREPROCESSOR_DEFINITIONS = (
					"DEBUG=1",
					"$(inherited)",
				);
				INFOPLIST_FILE = ClopicTests/Info.plist;
				LD_RUNPATH_SEARCH_PATHS = "$(inherited) @executable_path/Frameworks @loader_path/Frameworks";
				PRODUCT_NAME = "$(TARGET_NAME)";
				TEST_HOST = "$(BUILT_PRODUCTS_DIR)/Clopic.app/Clopic";
			};
			name = Debug;
		};
		77E8987D1A2D4E9B00DE1B4A /* Release */ = {
			isa = XCBuildConfiguration;
			buildSettings = {
				BUNDLE_LOADER = "$(TEST_HOST)";
				FRAMEWORK_SEARCH_PATHS = (
					"$(SDKROOT)/Developer/Library/Frameworks",
					"$(inherited)",
				);
				INFOPLIST_FILE = ClopicTests/Info.plist;
				LD_RUNPATH_SEARCH_PATHS = "$(inherited) @executable_path/Frameworks @loader_path/Frameworks";
				PRODUCT_NAME = "$(TARGET_NAME)";
				TEST_HOST = "$(BUILT_PRODUCTS_DIR)/Clopic.app/Clopic";
			};
			name = Release;
		};
/* End XCBuildConfiguration section */

/* Begin XCConfigurationList section */
		77E8984D1A2D4E9A00DE1B4A /* Build configuration list for PBXProject "Clopic" */ = {
			isa = XCConfigurationList;
			buildConfigurations = (
				77E898761A2D4E9B00DE1B4A /* Debug */,
				77E898771A2D4E9B00DE1B4A /* Release */,
			);
			defaultConfigurationIsVisible = 0;
			defaultConfigurationName = Release;
		};
		77E898781A2D4E9B00DE1B4A /* Build configuration list for PBXNativeTarget "Clopic" */ = {
			isa = XCConfigurationList;
			buildConfigurations = (
				77E898791A2D4E9B00DE1B4A /* Debug */,
				77E8987A1A2D4E9B00DE1B4A /* Release */,
			);
			defaultConfigurationIsVisible = 0;
		};
		77E8987B1A2D4E9B00DE1B4A /* Build configuration list for PBXNativeTarget "ClopicTests" */ = {
			isa = XCConfigurationList;
			buildConfigurations = (
				77E8987C1A2D4E9B00DE1B4A /* Debug */,
				77E8987D1A2D4E9B00DE1B4A /* Release */,
			);
			defaultConfigurationIsVisible = 0;
		};
/* End XCConfigurationList section */

/* Begin XCVersionGroup section */
		77E8985C1A2D4E9A00DE1B4A /* Clopic.xcdatamodeld */ = {
			isa = XCVersionGroup;
			children = (
				77E8985D1A2D4E9A00DE1B4A /* Clopic.xcdatamodel */,
			);
			currentVersion = 77E8985D1A2D4E9A00DE1B4A /* Clopic.xcdatamodel */;
			path = Clopic.xcdatamodeld;
			sourceTree = "<group>";
			versionGroupType = wrapper.xcdatamodel;
		};
/* End XCVersionGroup section */
	};
	rootObject = 77E8984A1A2D4E9A00DE1B4A /* Project object */;
}
